{
  "pins" : [
    {
      "identity" : "moneyhash-ios",
      "kind" : "remoteSourceControl",
      "location" : "https://github.com/MoneyHash/moneyhash-ios",
      "state" : {
        "revision" : "7eecc6063e460d54dae6c051d19ca24acda9795f",
        "version" : "0.1.1"
      }
    },
    {
      "identity" : "moneyhash-spm",
      "kind" : "remoteSourceControl",
      "location" : "https://github.com/MoneyHash/moneyhash-spm",
      "state" : {
        "revision" : "f4f03e06630d2405f0e482f855abe45b46447fda",
        "version" : "0.1.1"
      }
    }
  ],
  "version" : 2
}
