{
  "object": {
    "pins": [
      {
        "package": "MoneyHashiOS",
        "repositoryURL": "https://github.com/MoneyHash/moneyhash-ios",
        "state": {
          "branch": null,
          "revision": "4735dd4c3bd435977edda780b2b976217c6ff138",
          "version": "0.0.4"
        }
      },
      {
        "package": "MoneyHashShared",
        "repositoryURL": "https://github.com/MoneyHash/moneyhash-spm",
        "state": {
          "branch": null,
          "revision": "4d9db8889c814d40c0732490da5797b7b476a35e",
          "version": "0.0.4"
        }
      }
    ]
  },
  "version": 1
}
