{
  "originHash" : "6096dbbda745772f40f34110cc8e57c510d240b998bf2adfa203781d0e423cfd",
  "pins" : [
    {
      "identity" : "moneyhash-ios",
      "kind" : "remoteSourceControl",
      "location" : "https://github.com/MoneyHash/moneyhash-ios",
      "state" : {
        "revision" : "fe4c1f3733cd59d25797d46b52f44b2bff636578",
        "version" : "2.0.1"
      }
    },
    {
      "identity" : "moneyhash-spm",
      "kind" : "remoteSourceControl",
      "location" : "https://github.com/MoneyHash/moneyhash-spm",
      "state" : {
        "revision" : "cec14fb146ff02ac83ecbce583df6e153e0ae9e6",
        "version" : "2.0.1"
      }
    }
  ],
  "version" : 3
}
